
Microsoft Visual Studio Solution File, Format Version 12.00
# Visual Studio 2013
VisualStudioVersion = 12.0.40629.0
MinimumVisualStudioVersion = 10.0.40219.1
Project("{FAE04EC0-301F-11D3-BF4B-00C04F79EFBC}") = "CooQGenerate", "CooQGenerate.csproj", "{AD382CE4-62C4-42FF-B780-A1B9FE67BB42}"
EndProject
Project("{FAE04EC0-301F-11D3-BF4B-00C04F79EFBC}") = "CooQ", "..\hava\CooQ\CooQ.csproj", "{ACFAD127-04ED-4AD6-A608-33DD3CD3F8A8}"
EndProject
Global
	GlobalSection(SolutionConfigurationPlatforms) = preSolution
		Debug|Any CPU = Debug|Any CPU
		Release|Any CPU = Release|Any CPU
	EndGlobalSection
	GlobalSection(ProjectConfigurationPlatforms) = postSolution
		{AD382CE4-62C4-42FF-B780-A1B9FE67BB42}.Debug|Any CPU.ActiveCfg = Debug|Any CPU
		{AD382CE4-62C4-42FF-B780-A1B9FE67BB42}.Debug|Any CPU.Build.0 = Debug|Any CPU
		{AD382CE4-62C4-42FF-B780-A1B9FE67BB42}.Release|Any CPU.ActiveCfg = Release|Any CPU
		{AD382CE4-62C4-42FF-B780-A1B9FE67BB42}.Release|Any CPU.Build.0 = Release|Any CPU
		{ACFAD127-04ED-4AD6-A608-33DD3CD3F8A8}.Debug|Any CPU.ActiveCfg = Debug|Any CPU
		{ACFAD127-04ED-4AD6-A608-33DD3CD3F8A8}.Debug|Any CPU.Build.0 = Debug|Any CPU
		{ACFAD127-04ED-4AD6-A608-33DD3CD3F8A8}.Release|Any CPU.ActiveCfg = Release|Any CPU
		{ACFAD127-04ED-4AD6-A608-33DD3CD3F8A8}.Release|Any CPU.Build.0 = Release|Any CPU
	EndGlobalSection
	GlobalSection(SolutionProperties) = preSolution
		HideSolutionNode = FALSE
	EndGlobalSection
EndGlobal
